
Microsoft Visual Studio Solution File, Format Version 12.00
# Visual Studio 15
VisualStudioVersion = 15.0.28010.2048
MinimumVisualStudioVersion = 10.0.40219.1
Project("{9A19103F-16F7-4668-BE54-9A1E7A4F7556}") = "MapOnlyExample.Model", "MapOnlyExample.Model\MapOnlyExample.Model.csproj", "{1277A4DB-EF6F-4DE0-9705-131FA611A400}"
EndProject
Project("{FAE04EC0-301F-11D3-BF4B-00C04F79EFBC}") = "MapOnlyExample.Service", "MapOnlyExample.Service\MapOnlyExample.Service.csproj", "{E88D777B-7319-43D1-888E-A35601A1F531}"
EndProject
Project("{FAE04EC0-301F-11D3-BF4B-00C04F79EFBC}") = "MapOnlyExample.WinformDemo", "MapOnlyExample.WinformDemo\MapOnlyExample.WinformDemo.csproj", "{4B64F7B6-A407-42A4-BDFD-DE0E22AA45AE}"
EndProject
Project("{FAE04EC0-301F-11D3-BF4B-00C04F79EFBC}") = "MapOnlyExample.WebDemo", "MapOnlyExample.WebDemo\MapOnlyExample.WebDemo.csproj", "{315F8B68-0B70-4B41-84B7-CE9F2A255219}"
EndProject
Global
	GlobalSection(SolutionConfigurationPlatforms) = preSolution
		Debug|Any CPU = Debug|Any CPU
		Release|Any CPU = Release|Any CPU
	EndGlobalSection
	GlobalSection(ProjectConfigurationPlatforms) = postSolution
		{1277A4DB-EF6F-4DE0-9705-131FA611A400}.Debug|Any CPU.ActiveCfg = Debug|Any CPU
		{1277A4DB-EF6F-4DE0-9705-131FA611A400}.Debug|Any CPU.Build.0 = Debug|Any CPU
		{1277A4DB-EF6F-4DE0-9705-131FA611A400}.Release|Any CPU.ActiveCfg = Release|Any CPU
		{1277A4DB-EF6F-4DE0-9705-131FA611A400}.Release|Any CPU.Build.0 = Release|Any CPU
		{E88D777B-7319-43D1-888E-A35601A1F531}.Debug|Any CPU.ActiveCfg = Debug|Any CPU
		{E88D777B-7319-43D1-888E-A35601A1F531}.Debug|Any CPU.Build.0 = Debug|Any CPU
		{E88D777B-7319-43D1-888E-A35601A1F531}.Release|Any CPU.ActiveCfg = Release|Any CPU
		{E88D777B-7319-43D1-888E-A35601A1F531}.Release|Any CPU.Build.0 = Release|Any CPU
		{4B64F7B6-A407-42A4-BDFD-DE0E22AA45AE}.Debug|Any CPU.ActiveCfg = Debug|Any CPU
		{4B64F7B6-A407-42A4-BDFD-DE0E22AA45AE}.Debug|Any CPU.Build.0 = Debug|Any CPU
		{4B64F7B6-A407-42A4-BDFD-DE0E22AA45AE}.Release|Any CPU.ActiveCfg = Release|Any CPU
		{4B64F7B6-A407-42A4-BDFD-DE0E22AA45AE}.Release|Any CPU.Build.0 = Release|Any CPU
		{315F8B68-0B70-4B41-84B7-CE9F2A255219}.Debug|Any CPU.ActiveCfg = Debug|Any CPU
		{315F8B68-0B70-4B41-84B7-CE9F2A255219}.Debug|Any CPU.Build.0 = Debug|Any CPU
		{315F8B68-0B70-4B41-84B7-CE9F2A255219}.Release|Any CPU.ActiveCfg = Release|Any CPU
		{315F8B68-0B70-4B41-84B7-CE9F2A255219}.Release|Any CPU.Build.0 = Release|Any CPU
	EndGlobalSection
	GlobalSection(SolutionProperties) = preSolution
		HideSolutionNode = FALSE
	EndGlobalSection
	GlobalSection(ExtensibilityGlobals) = postSolution
		SolutionGuid = {A9E5003A-974C-43B9-982E-05441228D2E8}
	EndGlobalSection
EndGlobal
